{
  "name": "cjs-demo",
  "version": "1.0.0",
  "lockfileVersion": 3,
  "requires": true,
  "packages": {
    "": {
      "name": "cjs-demo",
      "version": "1.0.0",
      "license": "ISC",
      "devDependencies": {
        "shinkom": "file:../../shinkom-1.0.0.tgz"
      }
    },
    "node_modules/shinkom": {
      "version": "1.0.0",
      "resolved": "file:../../shinkom-1.0.0.tgz",
      "integrity": "sha512-A3ZrMO9hiHdavToUEXtVzeUqs3v+OO35gmHs8ydf0DlEX4o9Rv4rqQtZvrbWkh8MN0ba7ATur0Wk+kfTqH8vKw==",
      "dev": true,
      "license": "MIT"
    }
  }
}
