{
  "name": "node-demo",
  "version": "1.0.0",
  "lockfileVersion": 3,
  "requires": true,
  "packages": {
    "": {
      "name": "node-demo",
      "version": "1.0.0",
      "license": "ISC",
      "devDependencies": {
        "shinkom": "file:../../shinkom-1.0.0.tgz"
      }
    },
    "node_modules/shinkom": {
      "version": "1.0.0",
      "resolved": "file:../../shinkom-1.0.0.tgz",
      "integrity": "sha512-FqsS7ZhXyGzntKg9IVhSUcGqe5El45z8Pq14CGPx2iO0sEL1Mr0GD6E1Ey2xij/mtrYY5DrFdc3RfKlEInS1yw==",
      "dev": true,
      "license": "MIT"
    }
  }
}
