{
  "name": "node-demo",
  "version": "1.0.0",
  "lockfileVersion": 3,
  "requires": true,
  "packages": {
    "": {
      "name": "node-demo",
      "version": "1.0.0",
      "license": "ISC",
      "devDependencies": {
        "shinkom": "file:../../shinkom-1.0.0.tgz"
      }
    },
    "node_modules/shinkom": {
      "version": "1.0.0",
      "resolved": "file:../../shinkom-1.0.0.tgz",
      "integrity": "sha512-7hEhVbPq821L1w6ds4k253CN5cttERmD9d+7HMTvf3hWMM3Xz6ZF2uVyy7LOUUxuQWFbFuNI9Bhctw/JsIwUGA==",
      "dev": true,
      "license": "MIT"
    }
  }
}
