{
  "name": "node-demo",
  "version": "1.0.0",
  "lockfileVersion": 3,
  "requires": true,
  "packages": {
    "": {
      "name": "node-demo",
      "version": "1.0.0",
      "license": "ISC",
      "devDependencies": {
        "shinkom": "file:../../shinkom-1.0.0.tgz"
      }
    },
    "node_modules/shinkom": {
      "version": "1.0.0",
      "resolved": "file:../../shinkom-1.0.0.tgz",
      "integrity": "sha512-QkoTIaJYvLKt5DKt6E47mD5YvqK50e2MlB/5X/JsBMiGaeHmv09Sa6F1kUtz3uGrfMAs40TP+Ec1Yp7vro0YpQ==",
      "dev": true,
      "license": "MIT"
    }
  }
}
